
Microsoft Visual Studio Solution File, Format Version 12.00
# Visual Studio Version 17
VisualStudioVersion = 17.5.002.0
MinimumVisualStudioVersion = 10.0.40219.1
Project("{9A19103F-16F7-4668-BE54-9A1E7A4F7556}") = "DotnetAPI", "DotnetAPI.csproj", "{448338B5-B681-44AE-9541-08E76E41123B}"
EndProject
Global
	GlobalSection(SolutionConfigurationPlatforms) = preSolution
		Debug|Any CPU = Debug|Any CPU
		Release|Any CPU = Release|Any CPU
	EndGlobalSection
	GlobalSection(ProjectConfigurationPlatforms) = postSolution
		{448338B5-B681-44AE-9541-08E76E41123B}.Debug|Any CPU.ActiveCfg = Debug|Any CPU
		{448338B5-B681-44AE-9541-08E76E41123B}.Debug|Any CPU.Build.0 = Debug|Any CPU
		{448338B5-B681-44AE-9541-08E76E41123B}.Release|Any CPU.ActiveCfg = Release|Any CPU
		{448338B5-B681-44AE-9541-08E76E41123B}.Release|Any CPU.Build.0 = Release|Any CPU
	EndGlobalSection
	GlobalSection(SolutionProperties) = preSolution
		HideSolutionNode = FALSE
	EndGlobalSection
	GlobalSection(ExtensibilityGlobals) = postSolution
		SolutionGuid = {6F77AB9B-15A3-41D2-926B-409A8F411284}
	EndGlobalSection
EndGlobal
